{
  "name": "ng-express-cms",
  "version": "0.0.1",
  "lockfileVersion": 1,
  "requires": true,
  "dependencies": {
    "@angular/animations": {
      "version": "5.1.2",
      "resolved": "https://registry.npmjs.org/@angular/animations/-/animations-5.1.2.tgz",
      "integrity": "sha512-so2i0He4Fh5YuvujC68k2/Hzyy56/vZAUmLTXHE+9f4RatjqV68LISseFXqcS8bhVuT7AD2ZEbHnM7nWhgDaTg==",
      "dev": true,
      "requires": {
        "tslib": "1.8.1"
      }
    },
    "@angular/common": {
      "version": "5.1.2",
      "resolved": "https://registry.npmjs.org/@angular/common/-/common-5.1.2.tgz",
      "integrity": "sha512-MqgMwsHXxxx8vmQrUFwhNcAg29eqClJdnMJ81DlD7XvEexyXxxoFrxnNea+aB3BUC1AzU0fEy24ngygmhjRmfw==",
      "dev": true,
      "requires": {
        "tslib": "1.8.1"
      }
    },
    "@angular/compiler": {
      "version": "5.1.2",
      "resolved": "https://registry.npmjs.org/@angular/compiler/-/compiler-5.1.2.tgz",
      "integrity": "sha512-asTrlMWRe24EzejBwBFVSfq3ZbYI9Xr9NbNtkHK4DRHutDA1wn5PQE5lHuUTNW2B/dmm9pm+5JTVtcbue0nEug==",
      "dev": true,
      "requires": {
        "tslib": "1.8.1"
      }
    },
    "@angular/core": {
      "version": "5.1.2",
      "resolved": "https://registry.npmjs.org/@angular/core/-/core-5.1.2.tgz",
      "integrity": "sha512-nHQWvhdxg7RbhRcfV5EhWURUZBqtcBFajXTBYA2rVHPhm0lGqEUi38VW0ddO8MpPGz0pK2PNpgR3GwXp/egaNw==",
      "dev": true,
      "requires": {
        "tslib": "1.8.1"
      }
    },
    "@angular/platform-browser": {
      "version": "5.1.2",
      "resolved": "https://registry.npmjs.org/@angular/platform-browser/-/platform-browser-5.1.2.tgz",
      "integrity": "sha512-L78ijQ81tEh6nnOq2BqCDtbhqLbARs/2A9QZvEhMTTFu5MOQH0yk0VrjNv58Lch9yOj04EH/Qi7Wep2vFqb57g==",
      "dev": true,
      "requires": {
        "tslib": "1.8.1"
      }
    },
    "@angular/platform-browser-dynamic": {
      "version": "5.1.2",
      "resolved": "https://registry.npmjs.org/@angular/platform-browser-dynamic/-/platform-browser-dynamic-5.1.2.tgz",
      "integrity": "sha512-LMMgG1RRngIMvU19+NFRUe2+2gKgzMpwddBVDondi71EqcfumD6NN343lNcHv5/5oWuJdaAx94A29qpAjyVt5Q==",
      "dev": true,
      "requires": {
        "tslib": "1.8.1"
      }
    },
    "@angular/platform-server": {
      "version": "5.1.2",
      "resolved": "https://registry.npmjs.org/@angular/platform-server/-/platform-server-5.1.2.tgz",
      "integrity": "sha512-9qDWyIn8x03+IfVmrLAKj0TC+WXaZRepAcRqt3Q4xdmzLNzjSs7Tp6S3dvCRB2iJNAZip6xVRd1anzBMqbOxDg==",
      "dev": true,
      "requires": {
        "domino": "1.0.30",
        "tslib": "1.8.1",
        "xhr2": "0.1.4"
      }
    },
    "domino": {
      "version": "1.0.30",
      "resolved": "https://registry.npmjs.org/domino/-/domino-1.0.30.tgz",
      "integrity": "sha512-ikq8WiDSkICdkElud317F2Sigc6A3EDpWsxWBwIZqOl95km4p/Vc9Rj98id7qKgsjDmExj0AVM7JOd4bb647Xg==",
      "dev": true
    },
    "rxjs": {
      "version": "5.5.6",
      "resolved": "https://registry.npmjs.org/rxjs/-/rxjs-5.5.6.tgz",
      "integrity": "sha512-v4Q5HDC0FHAQ7zcBX7T2IL6O5ltl1a2GX4ENjPXg6SjDY69Cmx9v4113C99a4wGF16ClPv5Z8mghuYorVkg/kg==",
      "dev": true,
      "requires": {
        "symbol-observable": "1.0.1"
      }
    },
    "symbol-observable": {
      "version": "1.0.1",
      "resolved": "https://registry.npmjs.org/symbol-observable/-/symbol-observable-1.0.1.tgz",
      "integrity": "sha1-g0D8RwLDEi310iKI+IKD9RPT/dQ=",
      "dev": true
    },
    "tslib": {
      "version": "1.8.1",
      "resolved": "https://registry.npmjs.org/tslib/-/tslib-1.8.1.tgz",
      "integrity": "sha1-aUavLR1lGnsYY7Ux1uWvpBqkTqw=",
      "dev": true
    },
    "xhr2": {
      "version": "0.1.4",
      "resolved": "https://registry.npmjs.org/xhr2/-/xhr2-0.1.4.tgz",
      "integrity": "sha1-f4dliEdxbbUCYyOBL4GMras4el8=",
      "dev": true
    },
    "zone.js": {
      "version": "0.8.19",
      "resolved": "https://registry.npmjs.org/zone.js/-/zone.js-0.8.19.tgz",
      "integrity": "sha512-l9rofaOs6a4y1W8zt4pDmnCUCnYG377dG+5SZlXNWrTWYUuXFqcJZiOarhYiRVR0NI9sH/8ooPJiz4uprB/Mkg==",
      "dev": true
    }
  }
}
